
Microsoft Visual Studio Solution File, Format Version 12.00
# Visual Studio Version 16
VisualStudioVersion = 16.0.32002.261
MinimumVisualStudioVersion = 10.0.40219.1
Project("{888888A0-9F3D-457C-B088-3A5042F75D52}") = "Assignment_10_1_McCurry", "Assignment_10_1_McCurry.pyproj", "{60F70420-5431-4916-B4FC-1F0614DFCD25}"
EndProject
Global
	GlobalSection(SolutionConfigurationPlatforms) = preSolution
		Debug|Any CPU = Debug|Any CPU
		Release|Any CPU = Release|Any CPU
	EndGlobalSection
	GlobalSection(ProjectConfigurationPlatforms) = postSolution
		{60F70420-5431-4916-B4FC-1F0614DFCD25}.Debug|Any CPU.ActiveCfg = Debug|Any CPU
		{60F70420-5431-4916-B4FC-1F0614DFCD25}.Release|Any CPU.ActiveCfg = Release|Any CPU
	EndGlobalSection
	GlobalSection(SolutionProperties) = preSolution
		HideSolutionNode = FALSE
	EndGlobalSection
	GlobalSection(ExtensibilityGlobals) = postSolution
		SolutionGuid = {76F88B22-3127-4255-BCAD-48A6421C25EA}
	EndGlobalSection
EndGlobal
